{
  "name": "notification-service",
  "version": "1.0.0",
  "lockfileVersion": 3,
  "requires": true,
  "packages": {
    "": {
      "name": "notification-service",
      "version": "1.0.0",
      "license": "ISC",
      "dependencies": {
        "axios": "^1.6.0",
        "dotenv": "^16.3.1",
        "express": "^4.18.2",
        "kafkajs": "^2.2.4",
        "winston": "^3.11.0",
        "zod": "^3.22.4"
      },
      "devDependencies": {
        "@types/express": "^4.17.21",
        "@types/jest": "^29.5.11",
        "@types/node": "^20.10.4",
        "@types/supertest": "^2.0.16",
        "eslint": "^8.55.0",
        "jest": "^29.7.0",
        "nodemon": "^3.0.2",
        "prettier": "^3.1.1",
        "supertest": "^6.3.3",
        "ts-jest": "^29.1.1",
        "ts-node": "^10.9.2",
        "typescript": "^5.3.3"
      }
    },
    "node_modules/@types/express": {
      "version": "4.17.21",
      "resolved": "https://registry.npmjs.org/@types/express/-/express-4.17.21.tgz",
      "integrity": "sha512-ejlPM315EimFztY+kAlq+8/hB21e/I42iYJd+2t2Z8j2vj0i5iV6NeJbXD2d2s2s2k1T3sD+lchI+2w/Q==",
      "dev": true,
      "dependencies": {
        "@types/body-parser": "*",
        "@types/express-serve-static-core": "^4.17.33",
        "@types/qs": "*",
        "@types/serve-static": "*"
      }
    },
    "node_modules/axios": {
      "version": "1.6.2",
      "resolved": "https://registry.npmjs.org/axios/-/axios-1.6.2.tgz",
      "integrity": "sha512-hOtqE_2M3s2A9i2Ge6AklsP_B7Tz9C2vEk12hD0Jd3OqA0Nlc2GVEaQG/PSQWss/AlCIY2bO2gX+s3n/1YV6g==",
      "dependencies": {
        "follow-redirects": "^1.15.2",
        "form-data": "^4.0.0",
        "proxy-from-env": "^1.1.0"
      }
    },
    "node_modules/dotenv": {
      "version": "16.3.1",
      "resolved": "https://registry.npmjs.org/dotenv/-/dotenv-16.3.1.tgz",
      "integrity": "sha512-IPGQdyonhCLFatRoCXIHobjC9qaxHrVheWbSt8Dk+YPDiyRhS3LPLHGSgbutMq3Tj+4/y2YeB1GFl4QJz127Yw==",
      "engines": {
        "node": ">=12"
      }
    },
    "node_modules/express": {
      "version": "4.18.2",
      "resolved": "https://registry.npmjs.org/express/-/express-4.18.2.tgz",
      "integrity": "sha512-5/PsL6iGPdfQ/l3vvs1x+Gwg5QVobTl4BUr3C8B4sh4zTBImGvSkghit/p3eP+q40T9G0vWB3co4w7M/H4veYg==",
      "dependencies": {
        "accepts": "~1.3.8",
        "array-flatten": "1.1.1",
        "body-parser": "1.20.1",
        "content-disposition": "0.5.4",
        "content-type": "~1.0.4",
        "cookie": "0.5.0",
        "cookie-signature": "1.0.6",
        "debug": "2.6.9",
        "depd": "2.0.0",
        "encodeurl": "~1.0.2",
        "escape-html": "~1.0.3",
        "etag": "~1.8.1",
        "finalhandler": "1.2.0",
        "fresh": "0.5.2",
        "merge-descriptors": "1.0.1",
        "methods": "~1.1.2",
        "on-finished": "2.4.1",
        "parseurl": "~1.3.3",
        "path-to-regexp": "0.1.7",
        "proxy-addr": "~2.0.7",
        "qs": "6.11.0",
        "range-parser": "~1.2.1",
        "safe-buffer": "5.2.1",
        "send": "0.18.0",
        "serve-static": "1.15.0",
        "setprototypeof": "1.2.0",
        "statuses": "2.0.1",
        "type-is": "~1.6.18",
        "utils-merge": "1.0.1",
        "vary": "~1.1.2"
      },
      "engines": {
        "node": ">= 0.10.0"
      }
    },
    "node_modules/kafkajs": {
      "version": "2.2.4",
      "resolved": "https://registry.npmjs.org/kafkajs/-/kafkajs-2.2.4.tgz",
      "integrity": "sha512-j/sA4IZs1DbfP1CePEK3FTgGg+E62vJ4I/R4I2K1g2s2a2sKj2wO3i22s3g9p/chIol29eT6oYxL2aXQ==",
      "engines": {
        "node": ">=14.0.0"
      }
    },
    "node_modules/typescript": {
      "version": "5.3.3",
      "resolved": "https://registry.npmjs.org/typescript/-/typescript-5.3.3.tgz",
      "integrity": "sha512-pXWcraxM0uxAS+tN0AG/BF2TyqmHO014Z070UsJ+pFvYuRSq8KH8DmWpnbXe0pEPDHXZV3FcAbJkijJ5oNEnWw==",
      "dev": true,
      "bin": {
        "tsc": "bin/tsc",
        "tsserver": "bin/tsserver"
      },
      "engines": {
        "node": ">=14.17"
      }
    },
    "node_modules/winston": {
      "version": "3.11.0",
      "resolved": "https://registry.npmjs.org/winston/-/winston-3.11.0.tgz",
      "integrity": "sha512-h5oOdS8kGdlI22b2y4oMy2T8epbOsoz2zSo+wD2y2gGgG22mfFAjI6qj7BLifrdh2xNLe2m2n/s2/vA/s+ySg==",
      "dependencies": {
        "@colors/colors": "1.5.0",
        "async": "^3.2.4",
        "is-stream": "^2.0.1",
        "logform": "^2.5.1",
        "one-time": "^1.0.0",
        "stack-trace": "0.0.10",
        "triple-beam": "^1.4.1",
        "winston-transport": "^4.5.0"
      },
      "engines": {
        "node": ">= 12.0.0"
      }
    },
    "node_modules/zod": {
      "version": "3.22.4",
      "resolved": "https://registry.npmjs.org/zod/-/zod-3.22.4.tgz",
      "integrity": "sha512-iC+8Io04H3TeyPygoiRyYyVyxSJ2GrdhVoiEse7l3Av7NB3T27IuN2rI9PjZpLSsB4a7LsvB2CVH6QZ/N0YJg==",
      "funding": {
        "url": "https://github.com/sponsors/colinhacks"
      }
    }
  }
}